
Microsoft Visual Studio Solution File, Format Version 12.00
# Visual Studio 15
VisualStudioVersion = 15.0.28010.2003
MinimumVisualStudioVersion = 10.0.40219.1
Project("{FAE04EC0-301F-11D3-BF4B-00C04F79EFBC}") = "Vet", "Vet\Vet.csproj", "{44F1E418-279D-4230-8B9C-64C61CAA10AD}"
EndProject
Global
	GlobalSection(SolutionConfigurationPlatforms) = preSolution
		Debug|Any CPU = Debug|Any CPU
		Release|Any CPU = Release|Any CPU
	EndGlobalSection
	GlobalSection(ProjectConfigurationPlatforms) = postSolution
		{44F1E418-279D-4230-8B9C-64C61CAA10AD}.Debug|Any CPU.ActiveCfg = Debug|Any CPU
		{44F1E418-279D-4230-8B9C-64C61CAA10AD}.Debug|Any CPU.Build.0 = Debug|Any CPU
		{44F1E418-279D-4230-8B9C-64C61CAA10AD}.Release|Any CPU.ActiveCfg = Release|Any CPU
		{44F1E418-279D-4230-8B9C-64C61CAA10AD}.Release|Any CPU.Build.0 = Release|Any CPU
	EndGlobalSection
	GlobalSection(SolutionProperties) = preSolution
		HideSolutionNode = FALSE
	EndGlobalSection
	GlobalSection(ExtensibilityGlobals) = postSolution
		SolutionGuid = {F994FE5C-4FAD-4262-ACA5-DE3D34E250F7}
	EndGlobalSection
EndGlobal
